
Microsoft Visual Studio Solution File, Format Version 12.00
# Visual Studio 15
VisualStudioVersion = 15.0.28307.902
MinimumVisualStudioVersion = 10.0.40219.1
Project("{FAE04EC0-301F-11D3-BF4B-00C04F79EFBC}") = "Blasts_Test", "Blasts_Test\Blasts_Test.csproj", "{FED36B72-43C1-473C-AE38-5C8F3BE70BD4}"
EndProject
Global
	GlobalSection(SolutionConfigurationPlatforms) = preSolution
		Debug|Any CPU = Debug|Any CPU
		Release|Any CPU = Release|Any CPU
	EndGlobalSection
	GlobalSection(ProjectConfigurationPlatforms) = postSolution
		{FED36B72-43C1-473C-AE38-5C8F3BE70BD4}.Debug|Any CPU.ActiveCfg = Debug|Any CPU
		{FED36B72-43C1-473C-AE38-5C8F3BE70BD4}.Debug|Any CPU.Build.0 = Debug|Any CPU
		{FED36B72-43C1-473C-AE38-5C8F3BE70BD4}.Release|Any CPU.ActiveCfg = Release|Any CPU
		{FED36B72-43C1-473C-AE38-5C8F3BE70BD4}.Release|Any CPU.Build.0 = Release|Any CPU
	EndGlobalSection
	GlobalSection(SolutionProperties) = preSolution
		HideSolutionNode = FALSE
	EndGlobalSection
	GlobalSection(ExtensibilityGlobals) = postSolution
		SolutionGuid = {B74E9AB2-E698-4CB3-8623-4EC78A865CEC}
	EndGlobalSection
EndGlobal
